
Microsoft Visual Studio Solution File, Format Version 12.00
# Visual Studio Version 16
VisualStudioVersion = 16.0.30804.86
MinimumVisualStudioVersion = 10.0.40219.1
Project("{FAE04EC0-301F-11D3-BF4B-00C04F79EFBC}") = "Practica_4", "Practica_4\Practica_4.csproj", "{697D68F7-0BAC-4F8E-A5B8-FCE4C783DB4B}"
EndProject
Global
	GlobalSection(SolutionConfigurationPlatforms) = preSolution
		Debug|Any CPU = Debug|Any CPU
		Release|Any CPU = Release|Any CPU
	EndGlobalSection
	GlobalSection(ProjectConfigurationPlatforms) = postSolution
		{697D68F7-0BAC-4F8E-A5B8-FCE4C783DB4B}.Debug|Any CPU.ActiveCfg = Debug|Any CPU
		{697D68F7-0BAC-4F8E-A5B8-FCE4C783DB4B}.Debug|Any CPU.Build.0 = Debug|Any CPU
		{697D68F7-0BAC-4F8E-A5B8-FCE4C783DB4B}.Release|Any CPU.ActiveCfg = Release|Any CPU
		{697D68F7-0BAC-4F8E-A5B8-FCE4C783DB4B}.Release|Any CPU.Build.0 = Release|Any CPU
	EndGlobalSection
	GlobalSection(SolutionProperties) = preSolution
		HideSolutionNode = FALSE
	EndGlobalSection
	GlobalSection(ExtensibilityGlobals) = postSolution
		SolutionGuid = {CFA5BC0D-5632-473A-8092-077860FAC2B5}
	EndGlobalSection
EndGlobal
